{
  "name": "airthumb",
  "version": "1.0.0",
  "lockfileVersion": 2,
  "requires": true,
  "packages": {
    "": {
      "name": "airthumb",
      "version": "1.0.0",
      "license": "ISC",
      "dependencies": {
        "mixpanel-browser": "juanfer0002/mixpanel-js-mv3#fetch-support-for-mv3-extensions"
      }
    },
    "node_modules/mixpanel-browser": {
      "version": "2.45.0",
      "resolved": "git+ssh://git@github.com/juanfer0002/mixpanel-js-mv3.git#cc7d3a9e4c37e3f9d7de1789a38794e861c3e40a",
      "license": "Apache-2.0"
    }
  },
  "dependencies": {
    "mixpanel-browser": {
      "version": "git+ssh://git@github.com/juanfer0002/mixpanel-js-mv3.git#cc7d3a9e4c37e3f9d7de1789a38794e861c3e40a",
      "from": "mixpanel-browser@juanfer0002/mixpanel-js-mv3#fetch-support-for-mv3-extensions"
    }
  }
}
